
Microsoft Visual Studio Solution File, Format Version 11.00
# Visual Studio 2010
Project("{FAE04EC0-301F-11D3-BF4B-00C04F79EFBC}") = "Pleioapp.iOS", "Pleioapp.iOS.csproj", "{0051A695-1A2C-4D3A-888C-EBFAF567E421}"
EndProject
Project("{FAE04EC0-301F-11D3-BF4B-00C04F79EFBC}") = "Pleioapp", "..\Pleioapp\Pleioapp.csproj", "{4DDED8A5-F945-46D7-9A45-6B8A2C31A86F}"
EndProject
Global
	GlobalSection(SolutionConfigurationPlatforms) = preSolution
		Debug|iPhoneSimulator = Debug|iPhoneSimulator
		Release|iPhone = Release|iPhone
		Release|iPhoneSimulator = Release|iPhoneSimulator
		Debug|iPhone = Debug|iPhone
	EndGlobalSection
	GlobalSection(ProjectConfigurationPlatforms) = postSolution
		{0051A695-1A2C-4D3A-888C-EBFAF567E421}.Debug|iPhone.ActiveCfg = Debug|iPhone
		{0051A695-1A2C-4D3A-888C-EBFAF567E421}.Debug|iPhone.Build.0 = Debug|iPhone
		{0051A695-1A2C-4D3A-888C-EBFAF567E421}.Debug|iPhoneSimulator.ActiveCfg = Debug|iPhoneSimulator
		{0051A695-1A2C-4D3A-888C-EBFAF567E421}.Debug|iPhoneSimulator.Build.0 = Debug|iPhoneSimulator
		{0051A695-1A2C-4D3A-888C-EBFAF567E421}.Release|iPhone.ActiveCfg = Release|iPhone
		{0051A695-1A2C-4D3A-888C-EBFAF567E421}.Release|iPhone.Build.0 = Release|iPhone
		{0051A695-1A2C-4D3A-888C-EBFAF567E421}.Release|iPhoneSimulator.ActiveCfg = Release|iPhoneSimulator
		{0051A695-1A2C-4D3A-888C-EBFAF567E421}.Release|iPhoneSimulator.Build.0 = Release|iPhoneSimulator
		{4DDED8A5-F945-46D7-9A45-6B8A2C31A86F}.Debug|iPhone.ActiveCfg = Debug|Any CPU
		{4DDED8A5-F945-46D7-9A45-6B8A2C31A86F}.Debug|iPhone.Build.0 = Debug|Any CPU
		{4DDED8A5-F945-46D7-9A45-6B8A2C31A86F}.Debug|iPhoneSimulator.ActiveCfg = Debug|Any CPU
		{4DDED8A5-F945-46D7-9A45-6B8A2C31A86F}.Debug|iPhoneSimulator.Build.0 = Debug|Any CPU
		{4DDED8A5-F945-46D7-9A45-6B8A2C31A86F}.Release|iPhone.ActiveCfg = Release|Any CPU
		{4DDED8A5-F945-46D7-9A45-6B8A2C31A86F}.Release|iPhone.Build.0 = Release|Any CPU
		{4DDED8A5-F945-46D7-9A45-6B8A2C31A86F}.Release|iPhoneSimulator.ActiveCfg = Release|Any CPU
		{4DDED8A5-F945-46D7-9A45-6B8A2C31A86F}.Release|iPhoneSimulator.Build.0 = Release|Any CPU
	EndGlobalSection
EndGlobal
